
Microsoft Visual Studio Solution File, Format Version 12.00
# Visual Studio Version 17
VisualStudioVersion = 17.2.32616.157
MinimumVisualStudioVersion = 10.0.40219.1
Project("{FAE04EC0-301F-11D3-BF4B-00C04F79EFBC}") = "ParityApp", "ParityApp.csproj", "{5EDD4424-3F3B-437F-8212-A3944576DC26}"
EndProject
Global
	GlobalSection(SolutionConfigurationPlatforms) = preSolution
		Debug|Any CPU = Debug|Any CPU
		Release|Any CPU = Release|Any CPU
	EndGlobalSection
	GlobalSection(ProjectConfigurationPlatforms) = postSolution
		{5EDD4424-3F3B-437F-8212-A3944576DC26}.Debug|Any CPU.ActiveCfg = Debug|Any CPU
		{5EDD4424-3F3B-437F-8212-A3944576DC26}.Debug|Any CPU.Build.0 = Debug|Any CPU
		{5EDD4424-3F3B-437F-8212-A3944576DC26}.Release|Any CPU.ActiveCfg = Release|Any CPU
		{5EDD4424-3F3B-437F-8212-A3944576DC26}.Release|Any CPU.Build.0 = Release|Any CPU
	EndGlobalSection
	GlobalSection(SolutionProperties) = preSolution
		HideSolutionNode = FALSE
	EndGlobalSection
	GlobalSection(ExtensibilityGlobals) = postSolution
		SolutionGuid = {521E1055-5B38-40C9-A76E-A333D2B23B2E}
	EndGlobalSection
EndGlobal
